
Microsoft Visual Studio Solution File, Format Version 12.00
# Visual Studio Version 17
VisualStudioVersion = 17.7.34202.233
MinimumVisualStudioVersion = 10.0.40219.1
Project("{9A19103F-16F7-4668-BE54-9A1E7A4F7556}") = "MagicSquares", "MagicSquares\MagicSquares.csproj", "{8EC62917-C9DC-4826-8A3D-4DF534AB08A8}"
EndProject
Project("{9A19103F-16F7-4668-BE54-9A1E7A4F7556}") = "MagicSquaresTests", "MagicSquaresTests\MagicSquaresTests.csproj", "{DDF3E19B-2520-409A-A392-5C3A449FD442}"
EndProject
Project("{9A19103F-16F7-4668-BE54-9A1E7A4F7556}") = "MagicSquaresFinder", "MagicSquaresFinder\MagicSquaresFinder.csproj", "{A1BA56B1-1AD9-4597-8650-063CB4BA2BBA}"
EndProject
Project("{9A19103F-16F7-4668-BE54-9A1E7A4F7556}") = "MagicSquareGenerator", "MagicSquareCreator\MagicSquareGenerator.csproj", "{CA953A02-589E-4E05-A692-88576A0B3825}"
EndProject
Project("{9A19103F-16F7-4668-BE54-9A1E7A4F7556}") = "MagicSquares.Core", "MagicSquares.Core\MagicSquares.Core.csproj", "{78E4C314-45FE-4FF8-9EE6-4286DB221F8A}"
EndProject
Project("{9A19103F-16F7-4668-BE54-9A1E7A4F7556}") = "MagicSquares.OfSquares", "MagicSquares.OfSquares\MagicSquares.OfSquares.csproj", "{7591AEF0-DEAE-433B-8628-F015869687B6}"
EndProject
Project("{2150E333-8FDC-42A3-9474-1A3956D46DE8}") = "Config", "Config", "{F136B4EF-01A5-41C9-8F21-47ECECAC6C79}"
	ProjectSection(SolutionItems) = preProject
		.editorconfig = .editorconfig
	EndProjectSection
EndProject
Global
	GlobalSection(SolutionConfigurationPlatforms) = preSolution
		Debug|Any CPU = Debug|Any CPU
		Release|Any CPU = Release|Any CPU
	EndGlobalSection
	GlobalSection(ProjectConfigurationPlatforms) = postSolution
		{8EC62917-C9DC-4826-8A3D-4DF534AB08A8}.Debug|Any CPU.ActiveCfg = Debug|Any CPU
		{8EC62917-C9DC-4826-8A3D-4DF534AB08A8}.Debug|Any CPU.Build.0 = Debug|Any CPU
		{8EC62917-C9DC-4826-8A3D-4DF534AB08A8}.Release|Any CPU.ActiveCfg = Release|Any CPU
		{8EC62917-C9DC-4826-8A3D-4DF534AB08A8}.Release|Any CPU.Build.0 = Release|Any CPU
		{DDF3E19B-2520-409A-A392-5C3A449FD442}.Debug|Any CPU.ActiveCfg = Debug|Any CPU
		{DDF3E19B-2520-409A-A392-5C3A449FD442}.Debug|Any CPU.Build.0 = Debug|Any CPU
		{DDF3E19B-2520-409A-A392-5C3A449FD442}.Release|Any CPU.ActiveCfg = Release|Any CPU
		{DDF3E19B-2520-409A-A392-5C3A449FD442}.Release|Any CPU.Build.0 = Release|Any CPU
		{A1BA56B1-1AD9-4597-8650-063CB4BA2BBA}.Debug|Any CPU.ActiveCfg = Debug|Any CPU
		{A1BA56B1-1AD9-4597-8650-063CB4BA2BBA}.Debug|Any CPU.Build.0 = Debug|Any CPU
		{A1BA56B1-1AD9-4597-8650-063CB4BA2BBA}.Release|Any CPU.ActiveCfg = Release|Any CPU
		{A1BA56B1-1AD9-4597-8650-063CB4BA2BBA}.Release|Any CPU.Build.0 = Release|Any CPU
		{CA953A02-589E-4E05-A692-88576A0B3825}.Debug|Any CPU.ActiveCfg = Debug|Any CPU
		{CA953A02-589E-4E05-A692-88576A0B3825}.Debug|Any CPU.Build.0 = Debug|Any CPU
		{CA953A02-589E-4E05-A692-88576A0B3825}.Release|Any CPU.ActiveCfg = Release|Any CPU
		{CA953A02-589E-4E05-A692-88576A0B3825}.Release|Any CPU.Build.0 = Release|Any CPU
		{78E4C314-45FE-4FF8-9EE6-4286DB221F8A}.Debug|Any CPU.ActiveCfg = Debug|Any CPU
		{78E4C314-45FE-4FF8-9EE6-4286DB221F8A}.Debug|Any CPU.Build.0 = Debug|Any CPU
		{78E4C314-45FE-4FF8-9EE6-4286DB221F8A}.Release|Any CPU.ActiveCfg = Release|Any CPU
		{78E4C314-45FE-4FF8-9EE6-4286DB221F8A}.Release|Any CPU.Build.0 = Release|Any CPU
		{7591AEF0-DEAE-433B-8628-F015869687B6}.Debug|Any CPU.ActiveCfg = Debug|Any CPU
		{7591AEF0-DEAE-433B-8628-F015869687B6}.Debug|Any CPU.Build.0 = Debug|Any CPU
		{7591AEF0-DEAE-433B-8628-F015869687B6}.Release|Any CPU.ActiveCfg = Release|Any CPU
		{7591AEF0-DEAE-433B-8628-F015869687B6}.Release|Any CPU.Build.0 = Release|Any CPU
	EndGlobalSection
	GlobalSection(SolutionProperties) = preSolution
		HideSolutionNode = FALSE
	EndGlobalSection
	GlobalSection(ExtensibilityGlobals) = postSolution
		SolutionGuid = {6F4EF26F-C6D4-4645-8B29-06CC48CD107E}
	EndGlobalSection
EndGlobal
